
Microsoft Visual Studio Solution File, Format Version 12.00
# Visual Studio Version 17
VisualStudioVersion = 17.7.34031.279
MinimumVisualStudioVersion = 10.0.40219.1
Project("{8BC9CEB8-8B4A-11D0-8D11-00A0C91BC942}") = "ConsoleApplication1", "ConsoleApplication1\ConsoleApplication1.vcxproj", "{6FBB349E-CCB6-4A76-B415-E16E4810A554}"
EndProject
Global
	GlobalSection(SolutionConfigurationPlatforms) = preSolution
		Debug|x64 = Debug|x64
		Debug|x86 = Debug|x86
		Release|x64 = Release|x64
		Release|x86 = Release|x86
	EndGlobalSection
	GlobalSection(ProjectConfigurationPlatforms) = postSolution
		{6FBB349E-CCB6-4A76-B415-E16E4810A554}.Debug|x64.ActiveCfg = Debug|x64
		{6FBB349E-CCB6-4A76-B415-E16E4810A554}.Debug|x64.Build.0 = Debug|x64
		{6FBB349E-CCB6-4A76-B415-E16E4810A554}.Debug|x86.ActiveCfg = Debug|Win32
		{6FBB349E-CCB6-4A76-B415-E16E4810A554}.Debug|x86.Build.0 = Debug|Win32
		{6FBB349E-CCB6-4A76-B415-E16E4810A554}.Release|x64.ActiveCfg = Release|x64
		{6FBB349E-CCB6-4A76-B415-E16E4810A554}.Release|x64.Build.0 = Release|x64
		{6FBB349E-CCB6-4A76-B415-E16E4810A554}.Release|x86.ActiveCfg = Release|Win32
		{6FBB349E-CCB6-4A76-B415-E16E4810A554}.Release|x86.Build.0 = Release|Win32
	EndGlobalSection
	GlobalSection(SolutionProperties) = preSolution
		HideSolutionNode = FALSE
	EndGlobalSection
	GlobalSection(ExtensibilityGlobals) = postSolution
		SolutionGuid = {BAC2ECC6-D820-46F1-845E-B32587F365FB}
	EndGlobalSection
EndGlobal
